PODS:
  - LXSearchTextField (1.3.0)

DEPENDENCIES:
  - LXSearchTextField (from `../`)

EXTERNAL SOURCES:
  LXSearchTextField:
    :path: "../"

SPEC CHECKSUMS:
  LXSearchTextField: 261bb638575ebdc4259830054393b26e81a2e1fb

PODFILE CHECKSUM: 4a5eaa3503c9b4566e62f98761e71f6e7f6242f7

COCOAPODS: 1.8.4
