PODS:
  - LXSearchTextField (1.3.1)

DEPENDENCIES:
  - LXSearchTextField (from `../`)

EXTERNAL SOURCES:
  LXSearchTextField:
    :path: "../"

SPEC CHECKSUMS:
  LXSearchTextField: 4115597e0971ce50e75fc9c0256fdc6e7cca0fcf

PODFILE CHECKSUM: 4a5eaa3503c9b4566e62f98761e71f6e7f6242f7

COCOAPODS: 1.8.4
